
Microsoft Visual Studio Solution File, Format Version 12.00
# Visual Studio Version 16
VisualStudioVersion = 16.0.34031.81
MinimumVisualStudioVersion = 10.0.40219.1
Project("{FAE04EC0-301F-11D3-BF4B-00C04F79EFBC}") = "cSharpFactorial3", "cSharpFactorial3\cSharpFactorial3.csproj", "{8EB4663A-1F46-4DB0-95EF-FBC67C88FB44}"
EndProject
Global
	GlobalSection(SolutionConfigurationPlatforms) = preSolution
		Debug|Any CPU = Debug|Any CPU
		Release|Any CPU = Release|Any CPU
	EndGlobalSection
	GlobalSection(ProjectConfigurationPlatforms) = postSolution
		{8EB4663A-1F46-4DB0-95EF-FBC67C88FB44}.Debug|Any CPU.ActiveCfg = Debug|Any CPU
		{8EB4663A-1F46-4DB0-95EF-FBC67C88FB44}.Debug|Any CPU.Build.0 = Debug|Any CPU
		{8EB4663A-1F46-4DB0-95EF-FBC67C88FB44}.Release|Any CPU.ActiveCfg = Release|Any CPU
		{8EB4663A-1F46-4DB0-95EF-FBC67C88FB44}.Release|Any CPU.Build.0 = Release|Any CPU
	EndGlobalSection
	GlobalSection(SolutionProperties) = preSolution
		HideSolutionNode = FALSE
	EndGlobalSection
	GlobalSection(ExtensibilityGlobals) = postSolution
		SolutionGuid = {EDF1F5A0-B919-4198-BBF8-4A11A8A2F6B5}
	EndGlobalSection
EndGlobal
